
Microsoft Visual Studio Solution File, Format Version 12.00
# Visual Studio Version 16
VisualStudioVersion = 16.0.31624.102
MinimumVisualStudioVersion = 10.0.40219.1
Project("{FAE04EC0-301F-11D3-BF4B-00C04F79EFBC}") = "Kütüphane", "Kütüphane\Kütüphane.csproj", "{CCC7BD10-B1D0-4988-BCEE-5513C957B5DF}"
EndProject
Global
	GlobalSection(SolutionConfigurationPlatforms) = preSolution
		Debug|Any CPU = Debug|Any CPU
		Release|Any CPU = Release|Any CPU
	EndGlobalSection
	GlobalSection(ProjectConfigurationPlatforms) = postSolution
		{CCC7BD10-B1D0-4988-BCEE-5513C957B5DF}.Debug|Any CPU.ActiveCfg = Debug|Any CPU
		{CCC7BD10-B1D0-4988-BCEE-5513C957B5DF}.Debug|Any CPU.Build.0 = Debug|Any CPU
		{CCC7BD10-B1D0-4988-BCEE-5513C957B5DF}.Release|Any CPU.ActiveCfg = Release|Any CPU
		{CCC7BD10-B1D0-4988-BCEE-5513C957B5DF}.Release|Any CPU.Build.0 = Release|Any CPU
	EndGlobalSection
	GlobalSection(SolutionProperties) = preSolution
		HideSolutionNode = FALSE
	EndGlobalSection
	GlobalSection(ExtensibilityGlobals) = postSolution
		SolutionGuid = {588A1D36-908E-4139-AB76-79ACE9F9C3A7}
	EndGlobalSection
EndGlobal
